# Generated by buf. DO NOT EDIT.
version: v2
deps:
  - name: buf.build/bufbuild/protovalidate
    commit: 52f32327d4b045a79293a6ad4e7e1236
    digest: b5:cbabc98d4b7b7b0447c9b15f68eeb8a7a44ef8516cb386ac5f66e7fd4062cd6723ed3f452ad8c384b851f79e33d26e7f8a94e2b807282b3def1cd966c7eace97
  - name: buf.build/protocolbuffers/wellknowntypes
    commit: 9220c3cb4fac4bb4a8587d4fd7aa7582
    digest: b5:412c81d3f1549cc9ef52b364a11ab41d9ea6ba5e8e22a2b3f1f614c180b991a76503d715574e94ff77e33f216a1614a8026f1fc01aeaefdaf701155cb125e8bc
